// !$*UTF8*$!
{
	archiveVersion = 1;
	classes = {
	};
	objectVersion = 50;
	objects = {

/* Begin PBXBuildFile section */
		2F0167F2213579A100989960 /* HeadlinesViewController.swift in Sources */ = {isa = PBXBuildFile; fileRef = 2F0167F1213579A100989960 /* HeadlinesViewController.swift */; };
		2F10335621405EFF004E5D4A /* ProfileViewModel.swift in Sources */ = {isa = PBXBuildFile; fileRef = 2F10335521405EFF004E5D4A /* ProfileViewModel.swift */; };
		2F1081B5212E177F0025A5C4 /* LoginView.swift in Sources */ = {isa = PBXBuildFile; fileRef = 2F1081B4212E177F0025A5C4 /* LoginView.swift */; };
		2F24D602212E20F50088C4AC /* PureLayout.framework in Frameworks */ = {isa = PBXBuildFile; fileRef = 2F24D601212E20F50088C4AC /* PureLayout.framework */; };
		2F24D604212E21640088C4AC /* LoginViewController.swift in Sources */ = {isa = PBXBuildFile; fileRef = 2F24D603212E21640088C4AC /* LoginViewController.swift */; };
		2F3BEA642132AAFF0054500F /* RegisterViewController.swift in Sources */ = {isa = PBXBuildFile; fileRef = 2F3BEA632132AAFF0054500F /* RegisterViewController.swift */; };
		2F3BEA692132E7CC0054500F /* PropertyKeys.swift in Sources */ = {isa = PBXBuildFile; fileRef = 2F3BEA682132E7CC0054500F /* PropertyKeys.swift */; };
		2F73084E213197CA0021CC13 /* User.swift in Sources */ = {isa = PBXBuildFile; fileRef = 2F73084D213197CA0021CC13 /* User.swift */; };
		2F73085021319CFA0021CC13 /* RegisterView.swift in Sources */ = {isa = PBXBuildFile; fileRef = 2F73084F21319CFA0021CC13 /* RegisterView.swift */; };
		2F7308532131A2FB0021CC13 /* ViewProperties.swift in Sources */ = {isa = PBXBuildFile; fileRef = 2F7308522131A2FB0021CC13 /* ViewProperties.swift */; };
		2F8BC0D2212E2008007F7D1E /* Pods_PaperBoy.framework in Frameworks */ = {isa = PBXBuildFile; fileRef = A119A5444518F9AFE0F3EC78 /* Pods_PaperBoy.framework */; };
		2F8BC0D3212E2008007F7D1E /* Pods_PaperBoy.framework in Embed Frameworks */ = {isa = PBXBuildFile; fileRef = A119A5444518F9AFE0F3EC78 /* Pods_PaperBoy.framework */; settings = {ATTRIBUTES = (CodeSignOnCopy, RemoveHeadersOnCopy, ); }; };
		2FA0EF832141DCA200E4DAF4 /* MainTutorialUViewController.swift in Sources */ = {isa = PBXBuildFile; fileRef = 2FA0EF822141DCA200E4DAF4 /* MainTutorialUViewController.swift */; };
		2FA3AFF2213410FF00FA2DEA /* HeadlinesViewModel.swift in Sources */ = {isa = PBXBuildFile; fileRef = 2FA3AFF1213410FF00FA2DEA /* HeadlinesViewModel.swift */; };
		2FA3AFF42134264400FA2DEA /* Article.swift in Sources */ = {isa = PBXBuildFile; fileRef = 2FA3AFF32134264400FA2DEA /* Article.swift */; };
		2FA3AFF6213426F300FA2DEA /* Source.swift in Sources */ = {isa = PBXBuildFile; fileRef = 2FA3AFF5213426F300FA2DEA /* Source.swift */; };
		2FA3AFF8213428B200FA2DEA /* ArticleDataSource.swift in Sources */ = {isa = PBXBuildFile; fileRef = 2FA3AFF7213428B200FA2DEA /* ArticleDataSource.swift */; };
		2FA3AFFA2134290000FA2DEA /* ArticleCell.swift in Sources */ = {isa = PBXBuildFile; fileRef = 2FA3AFF92134290000FA2DEA /* ArticleCell.swift */; };
		2FA3AFFC21342A0F00FA2DEA /* HeadlinesView.swift in Sources */ = {isa = PBXBuildFile; fileRef = 2FA3AFFB21342A0F00FA2DEA /* HeadlinesView.swift */; };
		2FA7A33E212B11F900A3FE2E /* AppDelegate.swift in Sources */ = {isa = PBXBuildFile; fileRef = 2FA7A33D212B11F900A3FE2E /* AppDelegate.swift */; };
		2FA7A346212B11F900A3FE2E /* PaperBoy.xcdatamodeld in Sources */ = {isa = PBXBuildFile; fileRef = 2FA7A344212B11F900A3FE2E /* PaperBoy.xcdatamodeld */; };
		2FA7A348212B11FB00A3FE2E /* Assets.xcassets in Resources */ = {isa = PBXBuildFile; fileRef = 2FA7A347212B11FB00A3FE2E /* Assets.xcassets */; };
		2FA7A34B212B11FB00A3FE2E /* LaunchScreen.storyboard in Resources */ = {isa = PBXBuildFile; fileRef = 2FA7A349212B11FB00A3FE2E /* LaunchScreen.storyboard */; };
		2FA7A356212B11FB00A3FE2E /* PaperBoyTests.swift in Sources */ = {isa = PBXBuildFile; fileRef = 2FA7A355212B11FB00A3FE2E /* PaperBoyTests.swift */; };
		2FC42034213D61CC005CEF75 /* TrapperKeeper.framework in Frameworks */ = {isa = PBXBuildFile; fileRef = 2FC42032213D61C6005CEF75 /* TrapperKeeper.framework */; };
		2FC42035213D61CC005CEF75 /* TrapperKeeper.framework in Embed Frameworks */ = {isa = PBXBuildFile; fileRef = 2FC42032213D61C6005CEF75 /* TrapperKeeper.framework */; settings = {ATTRIBUTES = (CodeSignOnCopy, RemoveHeadersOnCopy, ); }; };
		2FC42038213E4AD1005CEF75 /* SavedView.swift in Sources */ = {isa = PBXBuildFile; fileRef = 2FC42037213E4AD1005CEF75 /* SavedView.swift */; };
		2FC4203A213E4C24005CEF75 /* SavedViewController.swift in Sources */ = {isa = PBXBuildFile; fileRef = 2FC42039213E4C24005CEF75 /* SavedViewController.swift */; };
		2FC4203C213E4CF5005CEF75 /* SavedViewModel.swift in Sources */ = {isa = PBXBuildFile; fileRef = 2FC4203B213E4CF5005CEF75 /* SavedViewModel.swift */; };
		2FC4203E213E4E85005CEF75 /* SavesArticlesDataSource.swift in Sources */ = {isa = PBXBuildFile; fileRef = 2FC4203D213E4E85005CEF75 /* SavesArticlesDataSource.swift */; };
		2FC42050213ED092005CEF75 /* ProfileView.swift in Sources */ = {isa = PBXBuildFile; fileRef = 2FC4204F213ED092005CEF75 /* ProfileView.swift */; };
		2FC42052213EF129005CEF75 /* ProfileViewController.swift in Sources */ = {isa = PBXBuildFile; fileRef = 2FC42051213EF129005CEF75 /* ProfileViewController.swift */; };
		2FE5786521372B7A00166973 /* UIView.swift in Sources */ = {isa = PBXBuildFile; fileRef = 2FE5786421372B7A00166973 /* UIView.swift */; };
		2FEA09112133F3C2005E384E /* GenericDataSource.swift in Sources */ = {isa = PBXBuildFile; fileRef = 2FEA09102133F3C2005E384E /* GenericDataSource.swift */; };
		2FF1EB99212ED31800C88C64 /* UIColor.swift in Sources */ = {isa = PBXBuildFile; fileRef = 2FF1EB98212ED31800C88C64 /* UIColor.swift */; };
		2FF1EB9B212EE1A700C88C64 /* String.swift in Sources */ = {isa = PBXBuildFile; fileRef = 2FF1EB9A212EE1A700C88C64 /* String.swift */; };
		2FF1EB9F212EE2A300C88C64 /* ObserverBox.swift in Sources */ = {isa = PBXBuildFile; fileRef = 2FF1EB9E212EE2A300C88C64 /* ObserverBox.swift */; };
		2FF1EBA1212EF2AE00C88C64 /* UserViewModel.swift in Sources */ = {isa = PBXBuildFile; fileRef = 2FF1EBA0212EF2AE00C88C64 /* UserViewModel.swift */; };
		2FF1EBA8212EF52E00C88C64 /* PersistenceService.swift in Sources */ = {isa = PBXBuildFile; fileRef = 2FF1EBA7212EF52E00C88C64 /* PersistenceService.swift */; };
		2FF252582141A42F008BF43B /* UIViewController.swift in Sources */ = {isa = PBXBuildFile; fileRef = 2FF252572141A42F008BF43B /* UIViewController.swift */; };
		2FF2525D2141C844008BF43B /* Users+CoreDataClass.swift in Sources */ = {isa = PBXBuildFile; fileRef = 2FF252592141C844008BF43B /* Users+CoreDataClass.swift */; };
		2FF2525E2141C844008BF43B /* Users+CoreDataProperties.swift in Sources */ = {isa = PBXBuildFile; fileRef = 2FF2525A2141C844008BF43B /* Users+CoreDataProperties.swift */; };
		2FF2525F2141C844008BF43B /* SavedArticles+CoreDataClass.swift in Sources */ = {isa = PBXBuildFile; fileRef = 2FF2525B2141C844008BF43B /* SavedArticles+CoreDataClass.swift */; };
		2FF252602141C844008BF43B /* SavedArticles+CoreDataProperties.swift in Sources */ = {isa = PBXBuildFile; fileRef = 2FF2525C2141C844008BF43B /* SavedArticles+CoreDataProperties.swift */; };
		2FF252622141C8A2008BF43B /* TutorialOneViewController.swift in Sources */ = {isa = PBXBuildFile; fileRef = 2FF252612141C8A2008BF43B /* TutorialOneViewController.swift */; };
		2FF252642141C8B7008BF43B /* TutorialTwoViewController.swift in Sources */ = {isa = PBXBuildFile; fileRef = 2FF252632141C8B7008BF43B /* TutorialTwoViewController.swift */; };
		2FF252662141C8C1008BF43B /* TutorialThreeViewController.swift in Sources */ = {isa = PBXBuildFile; fileRef = 2FF252652141C8C1008BF43B /* TutorialThreeViewController.swift */; };
		2FF252682141C8D5008BF43B /* TutorialOneView.swift in Sources */ = {isa = PBXBuildFile; fileRef = 2FF252672141C8D5008BF43B /* TutorialOneView.swift */; };
		2FF2526A2141CA2B008BF43B /* TutorialTwoView.swift in Sources */ = {isa = PBXBuildFile; fileRef = 2FF252692141CA2B008BF43B /* TutorialTwoView.swift */; };
		2FF2526C2141CACF008BF43B /* TutorialThreeView.swift in Sources */ = {isa = PBXBuildFile; fileRef = 2FF2526B2141CACF008BF43B /* TutorialThreeView.swift */; };
		C8D5A8A6ED4C1EC60C31DB90 /* Pods_PaperBoyTests.framework in Frameworks */ = {isa = PBXBuildFile; fileRef = D1DBC9282D40398BCC5AFA25 /* Pods_PaperBoyTests.framework */; };
/* End PBXBuildFile section */

/* Begin PBXContainerItemProxy section */
		2FA7A352212B11FB00A3FE2E /* PBXContainerItemProxy */ = {
			isa = PBXContainerItemProxy;
			containerPortal = 2FA7A332212B11F900A3FE2E /* Project object */;
			proxyType = 1;
			remoteGlobalIDString = 2FA7A339212B11F900A3FE2E;
			remoteInfo = PaperBoy;
		};
/* End PBXContainerItemProxy section */

/* Begin PBXCopyFilesBuildPhase section */
		2F1081B3212E160E0025A5C4 /* Embed Frameworks */ = {
			isa = PBXCopyFilesBuildPhase;
			buildActionMask = 2147483647;
			dstPath = "";
			dstSubfolderSpec = 10;
			files = (
				2F8BC0D3212E2008007F7D1E /* Pods_PaperBoy.framework in Embed Frameworks */,
				2FC42035213D61CC005CEF75 /* TrapperKeeper.framework in Embed Frameworks */,
			);
			name = "Embed Frameworks";
			runOnlyForDeploymentPostprocessing = 0;
		};
/* End PBXCopyFilesBuildPhase section */

/* Begin PBXFileReference section */
		2F0167F1213579A100989960 /* HeadlinesViewController.swift */ = {isa = PBXFileReference; lastKnownFileType = sourcecode.swift; path = HeadlinesViewController.swift; sourceTree = "<group>"; };
		2F10335521405EFF004E5D4A /* ProfileViewModel.swift */ = {isa = PBXFileReference; lastKnownFileType = sourcecode.swift; path = ProfileViewModel.swift; sourceTree = "<group>"; };
		2F1081B4212E177F0025A5C4 /* LoginView.swift */ = {isa = PBXFileReference; lastKnownFileType = sourcecode.swift; path = LoginView.swift; sourceTree = "<group>"; };
		2F24D601212E20F50088C4AC /* PureLayout.framework */ = {isa = PBXFileReference; explicitFileType = wrapper.framework; path = PureLayout.framework; sourceTree = BUILT_PRODUCTS_DIR; };
		2F24D603212E21640088C4AC /* LoginViewController.swift */ = {isa = PBXFileReference; lastKnownFileType = sourcecode.swift; path = LoginViewController.swift; sourceTree = "<group>"; };
		2F3BEA632132AAFF0054500F /* RegisterViewController.swift */ = {isa = PBXFileReference; lastKnownFileType = sourcecode.swift; path = RegisterViewController.swift; sourceTree = "<group>"; };
		2F3BEA682132E7CC0054500F /* PropertyKeys.swift */ = {isa = PBXFileReference; lastKnownFileType = sourcecode.swift; path = PropertyKeys.swift; sourceTree = "<group>"; };
		2F73084D213197CA0021CC13 /* User.swift */ = {isa = PBXFileReference; lastKnownFileType = sourcecode.swift; path = User.swift; sourceTree = "<group>"; };
		2F73084F21319CFA0021CC13 /* RegisterView.swift */ = {isa = PBXFileReference; lastKnownFileType = sourcecode.swift; path = RegisterView.swift; sourceTree = "<group>"; };
		2F7308522131A2FB0021CC13 /* ViewProperties.swift */ = {isa = PBXFileReference; lastKnownFileType = sourcecode.swift; path = ViewProperties.swift; sourceTree = "<group>"; };
		2FA0EF822141DCA200E4DAF4 /* MainTutorialUViewController.swift */ = {isa = PBXFileReference; lastKnownFileType = sourcecode.swift; path = MainTutorialUViewController.swift; sourceTree = "<group>"; };
		2FA3AFF1213410FF00FA2DEA /* HeadlinesViewModel.swift */ = {isa = PBXFileReference; lastKnownFileType = sourcecode.swift; path = HeadlinesViewModel.swift; sourceTree = "<group>"; };
		2FA3AFF32134264400FA2DEA /* Article.swift */ = {isa = PBXFileReference; lastKnownFileType = sourcecode.swift; path = Article.swift; sourceTree = "<group>"; };
		2FA3AFF5213426F300FA2DEA /* Source.swift */ = {isa = PBXFileReference; lastKnownFileType = sourcecode.swift; path = Source.swift; sourceTree = "<group>"; };
		2FA3AFF7213428B200FA2DEA /* ArticleDataSource.swift */ = {isa = PBXFileReference; lastKnownFileType = sourcecode.swift; path = ArticleDataSource.swift; sourceTree = "<group>"; };
		2FA3AFF92134290000FA2DEA /* ArticleCell.swift */ = {isa = PBXFileReference; lastKnownFileType = sourcecode.swift; path = ArticleCell.swift; sourceTree = "<group>"; };
		2FA3AFFB21342A0F00FA2DEA /* HeadlinesView.swift */ = {isa = PBXFileReference; lastKnownFileType = sourcecode.swift; path = HeadlinesView.swift; sourceTree = "<group>"; };
		2FA7A33A212B11F900A3FE2E /* PaperBoy.app */ = {isa = PBXFileReference; explicitFileType = wrapper.application; includeInIndex = 0; path = PaperBoy.app; sourceTree = BUILT_PRODUCTS_DIR; };
		2FA7A33D212B11F900A3FE2E /* AppDelegate.swift */ = {isa = PBXFileReference; lastKnownFileType = sourcecode.swift; path = AppDelegate.swift; sourceTree = "<group>"; };
		2FA7A345212B11F900A3FE2E /* PaperBoy.xcdatamodel */ = {isa = PBXFileReference; lastKnownFileType = wrapper.xcdatamodel; path = PaperBoy.xcdatamodel; sourceTree = "<group>"; };
		2FA7A347212B11FB00A3FE2E /* Assets.xcassets */ = {isa = PBXFileReference; lastKnownFileType = folder.assetcatalog; path = Assets.xcassets; sourceTree = "<group>"; };
		2FA7A34A212B11FB00A3FE2E /* Base */ = {isa = PBXFileReference; lastKnownFileType = file.storyboard; name = Base; path = Base.lproj/LaunchScreen.storyboard; sourceTree = "<group>"; };
		2FA7A34C212B11FB00A3FE2E /* Info.plist */ = {isa = PBXFileReference; lastKnownFileType = text.plist.xml; path = Info.plist; sourceTree = "<group>"; };
		2FA7A351212B11FB00A3FE2E /* PaperBoyTests.xctest */ = {isa = PBXFileReference; explicitFileType = wrapper.cfbundle; includeInIndex = 0; path = PaperBoyTests.xctest; sourceTree = BUILT_PRODUCTS_DIR; };
		2FA7A355212B11FB00A3FE2E /* PaperBoyTests.swift */ = {isa = PBXFileReference; lastKnownFileType = sourcecode.swift; path = PaperBoyTests.swift; sourceTree = "<group>"; };
		2FA7A357212B11FB00A3FE2E /* Info.plist */ = {isa = PBXFileReference; lastKnownFileType = text.plist.xml; path = Info.plist; sourceTree = "<group>"; };
		2FC42032213D61C6005CEF75 /* TrapperKeeper.framework */ = {isa = PBXFileReference; lastKnownFileType = wrapper.framework; path = TrapperKeeper.framework; sourceTree = "<group>"; };
		2FC42037213E4AD1005CEF75 /* SavedView.swift */ = {isa = PBXFileReference; lastKnownFileType = sourcecode.swift; path = SavedView.swift; sourceTree = "<group>"; };
		2FC42039213E4C24005CEF75 /* SavedViewController.swift */ = {isa = PBXFileReference; lastKnownFileType = sourcecode.swift; path = SavedViewController.swift; sourceTree = "<group>"; };
		2FC4203B213E4CF5005CEF75 /* SavedViewModel.swift */ = {isa = PBXFileReference; lastKnownFileType = sourcecode.swift; path = SavedViewModel.swift; sourceTree = "<group>"; };
		2FC4203D213E4E85005CEF75 /* SavesArticlesDataSource.swift */ = {isa = PBXFileReference; lastKnownFileType = sourcecode.swift; path = SavesArticlesDataSource.swift; sourceTree = "<group>"; };
		2FC4204F213ED092005CEF75 /* ProfileView.swift */ = {isa = PBXFileReference; lastKnownFileType = sourcecode.swift; path = ProfileView.swift; sourceTree = "<group>"; };
		2FC42051213EF129005CEF75 /* ProfileViewController.swift */ = {isa = PBXFileReference; lastKnownFileType = sourcecode.swift; path = ProfileViewController.swift; sourceTree = "<group>"; };
		2FE5786421372B7A00166973 /* UIView.swift */ = {isa = PBXFileReference; lastKnownFileType = sourcecode.swift; path = UIView.swift; sourceTree = "<group>"; };
		2FEA09102133F3C2005E384E /* GenericDataSource.swift */ = {isa = PBXFileReference; lastKnownFileType = sourcecode.swift; path = GenericDataSource.swift; sourceTree = "<group>"; };
		2FEA091221340DFF005E384E /* TestingGround.playground */ = {isa = PBXFileReference; lastKnownFileType = file.playground; path = TestingGround.playground; sourceTree = "<group>"; xcLanguageSpecificationIdentifier = xcode.lang.swift; };
		2FF1EB98212ED31800C88C64 /* UIColor.swift */ = {isa = PBXFileReference; lastKnownFileType = sourcecode.swift; path = UIColor.swift; sourceTree = "<group>"; };
		2FF1EB9A212EE1A700C88C64 /* String.swift */ = {isa = PBXFileReference; lastKnownFileType = sourcecode.swift; path = String.swift; sourceTree = "<group>"; };
		2FF1EB9D212EE1F300C88C64 /* BridgingHeader.h */ = {isa = PBXFileReference; lastKnownFileType = sourcecode.c.h; path = BridgingHeader.h; sourceTree = "<group>"; };
		2FF1EB9E212EE2A300C88C64 /* ObserverBox.swift */ = {isa = PBXFileReference; lastKnownFileType = sourcecode.swift; path = ObserverBox.swift; sourceTree = "<group>"; };
		2FF1EBA0212EF2AE00C88C64 /* UserViewModel.swift */ = {isa = PBXFileReference; lastKnownFileType = sourcecode.swift; path = UserViewModel.swift; sourceTree = "<group>"; };
		2FF1EBA7212EF52E00C88C64 /* PersistenceService.swift */ = {isa = PBXFileReference; lastKnownFileType = sourcecode.swift; path = PersistenceService.swift; sourceTree = "<group>"; };
		2FF252572141A42F008BF43B /* UIViewController.swift */ = {isa = PBXFileReference; lastKnownFileType = sourcecode.swift; path = UIViewController.swift; sourceTree = "<group>"; };
		2FF252592141C844008BF43B /* Users+CoreDataClass.swift */ = {isa = PBXFileReference; lastKnownFileType = sourcecode.swift; path = "Users+CoreDataClass.swift"; sourceTree = "<group>"; };
		2FF2525A2141C844008BF43B /* Users+CoreDataProperties.swift */ = {isa = PBXFileReference; lastKnownFileType = sourcecode.swift; path = "Users+CoreDataProperties.swift"; sourceTree = "<group>"; };
		2FF2525B2141C844008BF43B /* SavedArticles+CoreDataClass.swift */ = {isa = PBXFileReference; lastKnownFileType = sourcecode.swift; path = "SavedArticles+CoreDataClass.swift"; sourceTree = "<group>"; };
		2FF2525C2141C844008BF43B /* SavedArticles+CoreDataProperties.swift */ = {isa = PBXFileReference; lastKnownFileType = sourcecode.swift; path = "SavedArticles+CoreDataProperties.swift"; sourceTree = "<group>"; };
		2FF252612141C8A2008BF43B /* TutorialOneViewController.swift */ = {isa = PBXFileReference; lastKnownFileType = sourcecode.swift; path = TutorialOneViewController.swift; sourceTree = "<group>"; };
		2FF252632141C8B7008BF43B /* TutorialTwoViewController.swift */ = {isa = PBXFileReference; lastKnownFileType = sourcecode.swift; path = TutorialTwoViewController.swift; sourceTree = "<group>"; };
		2FF252652141C8C1008BF43B /* TutorialThreeViewController.swift */ = {isa = PBXFileReference; lastKnownFileType = sourcecode.swift; path = TutorialThreeViewController.swift; sourceTree = "<group>"; };
		2FF252672141C8D5008BF43B /* TutorialOneView.swift */ = {isa = PBXFileReference; lastKnownFileType = sourcecode.swift; path = TutorialOneView.swift; sourceTree = "<group>"; };
		2FF252692141CA2B008BF43B /* TutorialTwoView.swift */ = {isa = PBXFileReference; lastKnownFileType = sourcecode.swift; path = TutorialTwoView.swift; sourceTree = "<group>"; };
		2FF2526B2141CACF008BF43B /* TutorialThreeView.swift */ = {isa = PBXFileReference; lastKnownFileType = sourcecode.swift; path = TutorialThreeView.swift; sourceTree = "<group>"; };
		4F5B3479AF4102AE2E67A98E /* Pods-PaperBoyTests.release.xcconfig */ = {isa = PBXFileReference; includeInIndex = 1; lastKnownFileType = text.xcconfig; name = "Pods-PaperBoyTests.release.xcconfig"; path = "Pods/Target Support Files/Pods-PaperBoyTests/Pods-PaperBoyTests.release.xcconfig"; sourceTree = "<group>"; };
		7281744D232DBFDEA89932EE /* Pods-PaperBoyTests.debug.xcconfig */ = {isa = PBXFileReference; includeInIndex = 1; lastKnownFileType = text.xcconfig; name = "Pods-PaperBoyTests.debug.xcconfig"; path = "Pods/Target Support Files/Pods-PaperBoyTests/Pods-PaperBoyTests.debug.xcconfig"; sourceTree = "<group>"; };
		889D59CE97B847335FF8AB7D /* Pods-PaperBoy.debug.xcconfig */ = {isa = PBXFileReference; includeInIndex = 1; lastKnownFileType = text.xcconfig; name = "Pods-PaperBoy.debug.xcconfig"; path = "Pods/Target Support Files/Pods-PaperBoy/Pods-PaperBoy.debug.xcconfig"; sourceTree = "<group>"; };
		A119A5444518F9AFE0F3EC78 /* Pods_PaperBoy.framework */ = {isa = PBXFileReference; explicitFileType = wrapper.framework; includeInIndex = 0; path = Pods_PaperBoy.framework; sourceTree = BUILT_PRODUCTS_DIR; };
		D1DBC9282D40398BCC5AFA25 /* Pods_PaperBoyTests.framework */ = {isa = PBXFileReference; explicitFileType = wrapper.framework; includeInIndex = 0; path = Pods_PaperBoyTests.framework; sourceTree = BUILT_PRODUCTS_DIR; };
		ECF501011D5E67C431150E15 /* Pods-PaperBoy.release.xcconfig */ = {isa = PBXFileReference; includeInIndex = 1; lastKnownFileType = text.xcconfig; name = "Pods-PaperBoy.release.xcconfig"; path = "Pods/Target Support Files/Pods-PaperBoy/Pods-PaperBoy.release.xcconfig"; sourceTree = "<group>"; };
/* End PBXFileReference section */

/* Begin PBXFrameworksBuildPhase section */
		2FA7A337212B11F900A3FE2E /* Frameworks */ = {
			isa = PBXFrameworksBuildPhase;
			buildActionMask = 2147483647;
			files = (
				2FC42034213D61CC005CEF75 /* TrapperKeeper.framework in Frameworks */,
				2F24D602212E20F50088C4AC /* PureLayout.framework in Frameworks */,
				2F8BC0D2212E2008007F7D1E /* Pods_PaperBoy.framework in Frameworks */,
			);
			runOnlyForDeploymentPostprocessing = 0;
		};
		2FA7A34E212B11FB00A3FE2E /* Frameworks */ = {
			isa = PBXFrameworksBuildPhase;
			buildActionMask = 2147483647;
			files = (
				C8D5A8A6ED4C1EC60C31DB90 /* Pods_PaperBoyTests.framework in Frameworks */,
			);
			runOnlyForDeploymentPostprocessing = 0;
		};
/* End PBXFrameworksBuildPhase section */

/* Begin PBXGroup section */
		29FE523F9F9F0C229AF4D910 /* Pods */ = {
			isa = PBXGroup;
			children = (
				889D59CE97B847335FF8AB7D /* Pods-PaperBoy.debug.xcconfig */,
				ECF501011D5E67C431150E15 /* Pods-PaperBoy.release.xcconfig */,
				7281744D232DBFDEA89932EE /* Pods-PaperBoyTests.debug.xcconfig */,
				4F5B3479AF4102AE2E67A98E /* Pods-PaperBoyTests.release.xcconfig */,
			);
			name = Pods;
			sourceTree = "<group>";
		};
		2F1081B0212E15F90025A5C4 /* Frameworks */ = {
			isa = PBXGroup;
			children = (
				2FC42032213D61C6005CEF75 /* TrapperKeeper.framework */,
				2F24D601212E20F50088C4AC /* PureLayout.framework */,
				A119A5444518F9AFE0F3EC78 /* Pods_PaperBoy.framework */,
				D1DBC9282D40398BCC5AFA25 /* Pods_PaperBoyTests.framework */,
			);
			path = Frameworks;
			sourceTree = "<group>";
		};
		2F3BEA8421333FFE0054500F /* EntityClasses */ = {
			isa = PBXGroup;
			children = (
				2FF252592141C844008BF43B /* Users+CoreDataClass.swift */,
				2FF2525A2141C844008BF43B /* Users+CoreDataProperties.swift */,
				2FF2525B2141C844008BF43B /* SavedArticles+CoreDataClass.swift */,
				2FF2525C2141C844008BF43B /* SavedArticles+CoreDataProperties.swift */,
			);
			path = EntityClasses;
			sourceTree = "<group>";
		};
		2F7308512131A2E60021CC13 /* Shared */ = {
			isa = PBXGroup;
			children = (
				2FF1EB9E212EE2A300C88C64 /* ObserverBox.swift */,
				2F7308522131A2FB0021CC13 /* ViewProperties.swift */,
				2F3BEA682132E7CC0054500F /* PropertyKeys.swift */,
				2FEA09102133F3C2005E384E /* GenericDataSource.swift */,
				2FEA091221340DFF005E384E /* TestingGround.playground */,
			);
			path = Shared;
			sourceTree = "<group>";
		};
		2FA7A331212B11F900A3FE2E = {
			isa = PBXGroup;
			children = (
				2F1081B0212E15F90025A5C4 /* Frameworks */,
				2FA7A33C212B11F900A3FE2E /* PaperBoy */,
				2FA7A354212B11FB00A3FE2E /* PaperBoyTests */,
				2FA7A33B212B11F900A3FE2E /* Products */,
				29FE523F9F9F0C229AF4D910 /* Pods */,
			);
			sourceTree = "<group>";
		};
		2FA7A33B212B11F900A3FE2E /* Products */ = {
			isa = PBXGroup;
			children = (
				2FA7A33A212B11F900A3FE2E /* PaperBoy.app */,
				2FA7A351212B11FB00A3FE2E /* PaperBoyTests.xctest */,
			);
			name = Products;
			sourceTree = "<group>";
		};
		2FA7A33C212B11F900A3FE2E /* PaperBoy */ = {
			isa = PBXGroup;
			children = (
				2F3BEA8421333FFE0054500F /* EntityClasses */,
				2FF1EB9C212EE1DD00C88C64 /* RelatedFiles */,
				2FF1EBA6212EF4C900C88C64 /* Services */,
				2F7308512131A2E60021CC13 /* Shared */,
				2FF1EB97212ED30200C88C64 /* Extensions */,
				2FEA090F2133F356005E384E /* DataSources */,
				2FA7A363212B125C00A3FE2E /* Controllers */,
				2FA7A362212B124800A3FE2E /* ViewModels */,
				2FA7A361212B124800A3FE2E /* Views */,
				2FA7A360212B124600A3FE2E /* Models */,
				2FA7A347212B11FB00A3FE2E /* Assets.xcassets */,
				2FC42036213DCE60005CEF75 /* New Group */,
				2FA7A34C212B11FB00A3FE2E /* Info.plist */,
			);
			path = PaperBoy;
			sourceTree = "<group>";
		};
		2FA7A354212B11FB00A3FE2E /* PaperBoyTests */ = {
			isa = PBXGroup;
			children = (
				2FA7A355212B11FB00A3FE2E /* PaperBoyTests.swift */,
				2FA7A357212B11FB00A3FE2E /* Info.plist */,
			);
			path = PaperBoyTests;
			sourceTree = "<group>";
		};
		2FA7A360212B124600A3FE2E /* Models */ = {
			isa = PBXGroup;
			children = (
				2F73084D213197CA0021CC13 /* User.swift */,
				2FA3AFF32134264400FA2DEA /* Article.swift */,
				2FA3AFF5213426F300FA2DEA /* Source.swift */,
			);
			path = Models;
			sourceTree = "<group>";
		};
		2FA7A361212B124800A3FE2E /* Views */ = {
			isa = PBXGroup;
			children = (
				2F1081B4212E177F0025A5C4 /* LoginView.swift */,
				2F73084F21319CFA0021CC13 /* RegisterView.swift */,
				2FA3AFF92134290000FA2DEA /* ArticleCell.swift */,
				2FA3AFFB21342A0F00FA2DEA /* HeadlinesView.swift */,
				2FC42037213E4AD1005CEF75 /* SavedView.swift */,
				2FC4204F213ED092005CEF75 /* ProfileView.swift */,
				2FF252672141C8D5008BF43B /* TutorialOneView.swift */,
				2FF252692141CA2B008BF43B /* TutorialTwoView.swift */,
				2FF2526B2141CACF008BF43B /* TutorialThreeView.swift */,
			);
			path = Views;
			sourceTree = "<group>";
		};
		2FA7A362212B124800A3FE2E /* ViewModels */ = {
			isa = PBXGroup;
			children = (
				2FF1EBA0212EF2AE00C88C64 /* UserViewModel.swift */,
				2FA3AFF1213410FF00FA2DEA /* HeadlinesViewModel.swift */,
				2FC4203B213E4CF5005CEF75 /* SavedViewModel.swift */,
				2F10335521405EFF004E5D4A /* ProfileViewModel.swift */,
			);
			path = ViewModels;
			sourceTree = "<group>";
		};
		2FA7A363212B125C00A3FE2E /* Controllers */ = {
			isa = PBXGroup;
			children = (
				2F24D603212E21640088C4AC /* LoginViewController.swift */,
				2F3BEA632132AAFF0054500F /* RegisterViewController.swift */,
				2F0167F1213579A100989960 /* HeadlinesViewController.swift */,
				2FC42039213E4C24005CEF75 /* SavedViewController.swift */,
				2FC42051213EF129005CEF75 /* ProfileViewController.swift */,
				2FF252612141C8A2008BF43B /* TutorialOneViewController.swift */,
				2FF252632141C8B7008BF43B /* TutorialTwoViewController.swift */,
				2FF252652141C8C1008BF43B /* TutorialThreeViewController.swift */,
				2FA0EF822141DCA200E4DAF4 /* MainTutorialUViewController.swift */,
			);
			path = Controllers;
			sourceTree = "<group>";
		};
		2FC42036213DCE60005CEF75 /* New Group */ = {
			isa = PBXGroup;
			children = (
			);
			path = "New Group";
			sourceTree = "<group>";
		};
		2FEA090F2133F356005E384E /* DataSources */ = {
			isa = PBXGroup;
			children = (
				2FA3AFF7213428B200FA2DEA /* ArticleDataSource.swift */,
				2FC4203D213E4E85005CEF75 /* SavesArticlesDataSource.swift */,
			);
			path = DataSources;
			sourceTree = "<group>";
		};
		2FF1EB97212ED30200C88C64 /* Extensions */ = {
			isa = PBXGroup;
			children = (
				2FF1EB98212ED31800C88C64 /* UIColor.swift */,
				2FF1EB9A212EE1A700C88C64 /* String.swift */,
				2FE5786421372B7A00166973 /* UIView.swift */,
				2FF252572141A42F008BF43B /* UIViewController.swift */,
			);
			path = Extensions;
			sourceTree = "<group>";
		};
		2FF1EB9C212EE1DD00C88C64 /* RelatedFiles */ = {
			isa = PBXGroup;
			children = (
				2FF1EB9D212EE1F300C88C64 /* BridgingHeader.h */,
				2FA7A33D212B11F900A3FE2E /* AppDelegate.swift */,
				2FA7A349212B11FB00A3FE2E /* LaunchScreen.storyboard */,
				2FA7A344212B11F900A3FE2E /* PaperBoy.xcdatamodeld */,
			);
			path = RelatedFiles;
			sourceTree = "<group>";
		};
		2FF1EBA6212EF4C900C88C64 /* Services */ = {
			isa = PBXGroup;
			children = (
				2FF1EBA7212EF52E00C88C64 /* PersistenceService.swift */,
			);
			path = Services;
			sourceTree = "<group>";
		};
/* End PBXGroup section */

/* Begin PBXNativeTarget section */
		2FA7A339212B11F900A3FE2E /* PaperBoy */ = {
			isa = PBXNativeTarget;
			buildConfigurationList = 2FA7A35A212B11FB00A3FE2E /* Build configuration list for PBXNativeTarget "PaperBoy" */;
			buildPhases = (
				B816DA333C23B04F103935F6 /* [CP] Check Pods Manifest.lock */,
				2FA7A336212B11F900A3FE2E /* Sources */,
				2FA7A337212B11F900A3FE2E /* Frameworks */,
				2FA7A338212B11F900A3FE2E /* Resources */,
				2F1081B3212E160E0025A5C4 /* Embed Frameworks */,
				3DA06E7194A82541D9E2F2B4 /* [CP] Embed Pods Frameworks */,
			);
			buildRules = (
			);
			dependencies = (
			);
			name = PaperBoy;
			productName = PaperBoy;
			productReference = 2FA7A33A212B11F900A3FE2E /* PaperBoy.app */;
			productType = "com.apple.product-type.application";
		};
		2FA7A350212B11FB00A3FE2E /* PaperBoyTests */ = {
			isa = PBXNativeTarget;
			buildConfigurationList = 2FA7A35D212B11FB00A3FE2E /* Build configuration list for PBXNativeTarget "PaperBoyTests" */;
			buildPhases = (
				7E44E5A9C1491208867F87CE /* [CP] Check Pods Manifest.lock */,
				2FA7A34D212B11FB00A3FE2E /* Sources */,
				2FA7A34E212B11FB00A3FE2E /* Frameworks */,
				2FA7A34F212B11FB00A3FE2E /* Resources */,
			);
			buildRules = (
			);
			dependencies = (
				2FA7A353212B11FB00A3FE2E /* PBXTargetDependency */,
			);
			name = PaperBoyTests;
			productName = PaperBoyTests;
			productReference = 2FA7A351212B11FB00A3FE2E /* PaperBoyTests.xctest */;
			productType = "com.apple.product-type.bundle.unit-test";
		};
/* End PBXNativeTarget section */

/* Begin PBXProject section */
		2FA7A332212B11F900A3FE2E /* Project object */ = {
			isa = PBXProject;
			attributes = {
				LastSwiftUpdateCheck = 1000;
				LastUpgradeCheck = 1000;
				ORGANIZATIONNAME = "Lukas Sestic";
				TargetAttributes = {
					2FA7A339212B11F900A3FE2E = {
						CreatedOnToolsVersion = 10.0;
					};
					2FA7A350212B11FB00A3FE2E = {
						CreatedOnToolsVersion = 10.0;
						TestTargetID = 2FA7A339212B11F900A3FE2E;
					};
				};
			};
			buildConfigurationList = 2FA7A335212B11F900A3FE2E /* Build configuration list for PBXProject "PaperBoy" */;
			compatibilityVersion = "Xcode 9.3";
			developmentRegion = en;
			hasScannedForEncodings = 0;
			knownRegions = (
				en,
				Base,
			);
			mainGroup = 2FA7A331212B11F900A3FE2E;
			productRefGroup = 2FA7A33B212B11F900A3FE2E /* Products */;
			projectDirPath = "";
			projectRoot = "";
			targets = (
				2FA7A339212B11F900A3FE2E /* PaperBoy */,
				2FA7A350212B11FB00A3FE2E /* PaperBoyTests */,
			);
		};
/* End PBXProject section */

/* Begin PBXResourcesBuildPhase section */
		2FA7A338212B11F900A3FE2E /* Resources */ = {
			isa = PBXResourcesBuildPhase;
			buildActionMask = 2147483647;
			files = (
				2FA7A34B212B11FB00A3FE2E /* LaunchScreen.storyboard in Resources */,
				2FA7A348212B11FB00A3FE2E /* Assets.xcassets in Resources */,
			);
			runOnlyForDeploymentPostprocessing = 0;
		};
		2FA7A34F212B11FB00A3FE2E /* Resources */ = {
			isa = PBXResourcesBuildPhase;
			buildActionMask = 2147483647;
			files = (
			);
			runOnlyForDeploymentPostprocessing = 0;
		};
/* End PBXResourcesBuildPhase section */

/* Begin PBXShellScriptBuildPhase section */
		3DA06E7194A82541D9E2F2B4 /* [CP] Embed Pods Frameworks */ = {
			isa = PBXShellScriptBuildPhase;
			buildActionMask = 2147483647;
			files = (
			);
			inputFileListPaths = (
			);
			inputPaths = (
				"${SRCROOT}/Pods/Target Support Files/Pods-PaperBoy/Pods-PaperBoy-frameworks.sh",
				"${BUILT_PRODUCTS_DIR}/Kingfisher/Kingfisher.framework",
				"${BUILT_PRODUCTS_DIR}/PureLayout/PureLayout.framework",
			);
			name = "[CP] Embed Pods Frameworks";
			outputFileListPaths = (
			);
			outputPaths = (
				"${TARGET_BUILD_DIR}/${FRAMEWORKS_FOLDER_PATH}/Kingfisher.framework",
				"${TARGET_BUILD_DIR}/${FRAMEWORKS_FOLDER_PATH}/PureLayout.framework",
			);
			runOnlyForDeploymentPostprocessing = 0;
			shellPath = /bin/sh;
			shellScript = "\"${SRCROOT}/Pods/Target Support Files/Pods-PaperBoy/Pods-PaperBoy-frameworks.sh\"\n";
			showEnvVarsInLog = 0;
		};
		7E44E5A9C1491208867F87CE /* [CP] Check Pods Manifest.lock */ = {
			isa = PBXShellScriptBuildPhase;
			buildActionMask = 2147483647;
			files = (
			);
			inputFileListPaths = (
			);
			inputPaths = (
				"${PODS_PODFILE_DIR_PATH}/Podfile.lock",
				"${PODS_ROOT}/Manifest.lock",
			);
			name = "[CP] Check Pods Manifest.lock";
			outputFileListPaths = (
			);
			outputPaths = (
				"$(DERIVED_FILE_DIR)/Pods-PaperBoyTests-checkManifestLockResult.txt",
			);
			runOnlyForDeploymentPostprocessing = 0;
			shellPath = /bin/sh;
			shellScript = "diff \"${PODS_PODFILE_DIR_PATH}/Podfile.lock\" \"${PODS_ROOT}/Manifest.lock\" > /dev/null\nif [ $? != 0 ] ; then\n    # print error to STDERR\n    echo \"error: The sandbox is not in sync with the Podfile.lock. Run 'pod install' or update your CocoaPods installation.\" >&2\n    exit 1\nfi\n# This output is used by Xcode 'outputs' to avoid re-running this script phase.\necho \"SUCCESS\" > \"${SCRIPT_OUTPUT_FILE_0}\"\n";
			showEnvVarsInLog = 0;
		};
		B816DA333C23B04F103935F6 /* [CP] Check Pods Manifest.lock */ = {
			isa = PBXShellScriptBuildPhase;
			buildActionMask = 2147483647;
			files = (
			);
			inputFileListPaths = (
			);
			inputPaths = (
				"${PODS_PODFILE_DIR_PATH}/Podfile.lock",
				"${PODS_ROOT}/Manifest.lock",
			);
			name = "[CP] Check Pods Manifest.lock";
			outputFileListPaths = (
			);
			outputPaths = (
				"$(DERIVED_FILE_DIR)/Pods-PaperBoy-checkManifestLockResult.txt",
			);
			runOnlyForDeploymentPostprocessing = 0;
			shellPath = /bin/sh;
			shellScript = "diff \"${PODS_PODFILE_DIR_PATH}/Podfile.lock\" \"${PODS_ROOT}/Manifest.lock\" > /dev/null\nif [ $? != 0 ] ; then\n    # print error to STDERR\n    echo \"error: The sandbox is not in sync with the Podfile.lock. Run 'pod install' or update your CocoaPods installation.\" >&2\n    exit 1\nfi\n# This output is used by Xcode 'outputs' to avoid re-running this script phase.\necho \"SUCCESS\" > \"${SCRIPT_OUTPUT_FILE_0}\"\n";
			showEnvVarsInLog = 0;
		};
/* End PBXShellScriptBuildPhase section */

/* Begin PBXSourcesBuildPhase section */
		2FA7A336212B11F900A3FE2E /* Sources */ = {
			isa = PBXSourcesBuildPhase;
			buildActionMask = 2147483647;
			files = (
				2F73085021319CFA0021CC13 /* RegisterView.swift in Sources */,
				2FC4203E213E4E85005CEF75 /* SavesArticlesDataSource.swift in Sources */,
				2FE5786521372B7A00166973 /* UIView.swift in Sources */,
				2FF1EB9B212EE1A700C88C64 /* String.swift in Sources */,
				2FF1EBA1212EF2AE00C88C64 /* UserViewModel.swift in Sources */,
				2FC42052213EF129005CEF75 /* ProfileViewController.swift in Sources */,
				2FF252602141C844008BF43B /* SavedArticles+CoreDataProperties.swift in Sources */,
				2F7308532131A2FB0021CC13 /* ViewProperties.swift in Sources */,
				2FA3AFF6213426F300FA2DEA /* Source.swift in Sources */,
				2FF2525F2141C844008BF43B /* SavedArticles+CoreDataClass.swift in Sources */,
				2F24D604212E21640088C4AC /* LoginViewController.swift in Sources */,
				2F10335621405EFF004E5D4A /* ProfileViewModel.swift in Sources */,
				2FF252682141C8D5008BF43B /* TutorialOneView.swift in Sources */,
				2FF2525D2141C844008BF43B /* Users+CoreDataClass.swift in Sources */,
				2FF252662141C8C1008BF43B /* TutorialThreeViewController.swift in Sources */,
				2FF1EBA8212EF52E00C88C64 /* PersistenceService.swift in Sources */,
				2FF252582141A42F008BF43B /* UIViewController.swift in Sources */,
				2FA3AFF8213428B200FA2DEA /* ArticleDataSource.swift in Sources */,
				2FF252642141C8B7008BF43B /* TutorialTwoViewController.swift in Sources */,
				2FA3AFFA2134290000FA2DEA /* ArticleCell.swift in Sources */,
				2FF1EB9F212EE2A300C88C64 /* ObserverBox.swift in Sources */,
				2FF2525E2141C844008BF43B /* Users+CoreDataProperties.swift in Sources */,
				2FF2526C2141CACF008BF43B /* TutorialThreeView.swift in Sources */,
				2F1081B5212E177F0025A5C4 /* LoginView.swift in Sources */,
				2FA3AFF2213410FF00FA2DEA /* HeadlinesViewModel.swift in Sources */,
				2FA7A33E212B11F900A3FE2E /* AppDelegate.swift in Sources */,
				2FF2526A2141CA2B008BF43B /* TutorialTwoView.swift in Sources */,
				2FA0EF832141DCA200E4DAF4 /* MainTutorialUViewController.swift in Sources */,
				2FC4203C213E4CF5005CEF75 /* SavedViewModel.swift in Sources */,
				2F3BEA692132E7CC0054500F /* PropertyKeys.swift in Sources */,
				2FA3AFF42134264400FA2DEA /* Article.swift in Sources */,
				2F0167F2213579A100989960 /* HeadlinesViewController.swift in Sources */,
				2FA7A346212B11F900A3FE2E /* PaperBoy.xcdatamodeld in Sources */,
				2FC4203A213E4C24005CEF75 /* SavedViewController.swift in Sources */,
				2FC42050213ED092005CEF75 /* ProfileView.swift in Sources */,
				2F3BEA642132AAFF0054500F /* RegisterViewController.swift in Sources */,
				2FEA09112133F3C2005E384E /* GenericDataSource.swift in Sources */,
				2FA3AFFC21342A0F00FA2DEA /* HeadlinesView.swift in Sources */,
				2FC42038213E4AD1005CEF75 /* SavedView.swift in Sources */,
				2F73084E213197CA0021CC13 /* User.swift in Sources */,
				2FF1EB99212ED31800C88C64 /* UIColor.swift in Sources */,
				2FF252622141C8A2008BF43B /* TutorialOneViewController.swift in Sources */,
			);
			runOnlyForDeploymentPostprocessing = 0;
		};
		2FA7A34D212B11FB00A3FE2E /* Sources */ = {
			isa = PBXSourcesBuildPhase;
			buildActionMask = 2147483647;
			files = (
				2FA7A356212B11FB00A3FE2E /* PaperBoyTests.swift in Sources */,
			);
			runOnlyForDeploymentPostprocessing = 0;
		};
/* End PBXSourcesBuildPhase section */

/* Begin PBXTargetDependency section */
		2FA7A353212B11FB00A3FE2E /* PBXTargetDependency */ = {
			isa = PBXTargetDependency;
			target = 2FA7A339212B11F900A3FE2E /* PaperBoy */;
			targetProxy = 2FA7A352212B11FB00A3FE2E /* PBXContainerItemProxy */;
		};
/* End PBXTargetDependency section */

/* Begin PBXVariantGroup section */
		2FA7A349212B11FB00A3FE2E /* LaunchScreen.storyboard */ = {
			isa = PBXVariantGroup;
			children = (
				2FA7A34A212B11FB00A3FE2E /* Base */,
			);
			name = LaunchScreen.storyboard;
			sourceTree = "<group>";
		};
/* End PBXVariantGroup section */

/* Begin XCBuildConfiguration section */
		2FA7A358212B11FB00A3FE2E /* Debug */ = {
			isa = XCBuildConfiguration;
			buildSettings = {
				ALWAYS_SEARCH_USER_PATHS = NO;
				CLANG_ANALYZER_NONNULL = YES;
				CLANG_ANALYZER_NUMBER_OBJECT_CONVERSION = YES_AGGRESSIVE;
				CLANG_CXX_LANGUAGE_STANDARD = "gnu++14";
				CLANG_CXX_LIBRARY = "libc++";
				CLANG_ENABLE_MODULES = YES;
				CLANG_ENABLE_OBJC_ARC = YES;
				CLANG_ENABLE_OBJC_WEAK = YES;
				CLANG_WARN_BLOCK_CAPTURE_AUTORELEASING = YES;
				CLANG_WARN_BOOL_CONVERSION = YES;
				CLANG_WARN_COMMA = YES;
				CLANG_WARN_CONSTANT_CONVERSION = YES;
				CLANG_WARN_DEPRECATED_OBJC_IMPLEMENTATIONS = YES;
				CLANG_WARN_DIRECT_OBJC_ISA_USAGE = YES_ERROR;
				CLANG_WARN_DOCUMENTATION_COMMENTS = YES;
				CLANG_WARN_EMPTY_BODY = YES;
				CLANG_WARN_ENUM_CONVERSION = YES;
				CLANG_WARN_INFINITE_RECURSION = YES;
				CLANG_WARN_INT_CONVERSION = YES;
				CLANG_WARN_NON_LITERAL_NULL_CONVERSION = YES;
				CLANG_WARN_OBJC_IMPLICIT_RETAIN_SELF = YES;
				CLANG_WARN_OBJC_LITERAL_CONVERSION = YES;
				CLANG_WARN_OBJC_ROOT_CLASS = YES_ERROR;
				CLANG_WARN_RANGE_LOOP_ANALYSIS = YES;
				CLANG_WARN_STRICT_PROTOTYPES = YES;
				CLANG_WARN_SUSPICIOUS_MOVE = YES;
				CLANG_WARN_UNGUARDED_AVAILABILITY = YES_AGGRESSIVE;
				CLANG_WARN_UNREACHABLE_CODE = YES;
				CLANG_WARN__DUPLICATE_METHOD_MATCH = YES;
				CODE_SIGN_IDENTITY = "iPhone Developer";
				COPY_PHASE_STRIP = NO;
				DEBUG_INFORMATION_FORMAT = dwarf;
				ENABLE_STRICT_OBJC_MSGSEND = YES;
				ENABLE_TESTABILITY = YES;
				GCC_C_LANGUAGE_STANDARD = gnu11;
				GCC_DYNAMIC_NO_PIC = NO;
				GCC_NO_COMMON_BLOCKS = YES;
				GCC_OPTIMIZATION_LEVEL = 0;
				GCC_PREPROCESSOR_DEFINITIONS = (
					"DEBUG=1",
					"$(inherited)",
				);
				GCC_WARN_64_TO_32_BIT_CONVERSION = YES;
				GCC_WARN_ABOUT_RETURN_TYPE = YES_ERROR;
				GCC_WARN_UNDECLARED_SELECTOR = YES;
				GCC_WARN_UNINITIALIZED_AUTOS = YES_AGGRESSIVE;
				GCC_WARN_UNUSED_FUNCTION = YES;
				GCC_WARN_UNUSED_VARIABLE = YES;
				IPHONEOS_DEPLOYMENT_TARGET = 12.0;
				MTL_ENABLE_DEBUG_INFO = INCLUDE_SOURCE;
				MTL_FAST_MATH = YES;
				ONLY_ACTIVE_ARCH = YES;
				SDKROOT = iphoneos;
				SWIFT_ACTIVE_COMPILATION_CONDITIONS = DEBUG;
				SWIFT_OPTIMIZATION_LEVEL = "-Onone";
			};
			name = Debug;
		};
		2FA7A359212B11FB00A3FE2E /* Release */ = {
			isa = XCBuildConfiguration;
			buildSettings = {
				ALWAYS_SEARCH_USER_PATHS = NO;
				CLANG_ANALYZER_NONNULL = YES;
				CLANG_ANALYZER_NUMBER_OBJECT_CONVERSION = YES_AGGRESSIVE;
				CLANG_CXX_LANGUAGE_STANDARD = "gnu++14";
				CLANG_CXX_LIBRARY = "libc++";
				CLANG_ENABLE_MODULES = YES;
				CLANG_ENABLE_OBJC_ARC = YES;
				CLANG_ENABLE_OBJC_WEAK = YES;
				CLANG_WARN_BLOCK_CAPTURE_AUTORELEASING = YES;
				CLANG_WARN_BOOL_CONVERSION = YES;
				CLANG_WARN_COMMA = YES;
				CLANG_WARN_CONSTANT_CONVERSION = YES;
				CLANG_WARN_DEPRECATED_OBJC_IMPLEMENTATIONS = YES;
				CLANG_WARN_DIRECT_OBJC_ISA_USAGE = YES_ERROR;
				CLANG_WARN_DOCUMENTATION_COMMENTS = YES;
				CLANG_WARN_EMPTY_BODY = YES;
				CLANG_WARN_ENUM_CONVERSION = YES;
				CLANG_WARN_INFINITE_RECURSION = YES;
				CLANG_WARN_INT_CONVERSION = YES;
				CLANG_WARN_NON_LITERAL_NULL_CONVERSION = YES;
				CLANG_WARN_OBJC_IMPLICIT_RETAIN_SELF = YES;
				CLANG_WARN_OBJC_LITERAL_CONVERSION = YES;
				CLANG_WARN_OBJC_ROOT_CLASS = YES_ERROR;
				CLANG_WARN_RANGE_LOOP_ANALYSIS = YES;
				CLANG_WARN_STRICT_PROTOTYPES = YES;
				CLANG_WARN_SUSPICIOUS_MOVE = YES;
				CLANG_WARN_UNGUARDED_AVAILABILITY = YES_AGGRESSIVE;
				CLANG_WARN_UNREACHABLE_CODE = YES;
				CLANG_WARN__DUPLICATE_METHOD_MATCH = YES;
				CODE_SIGN_IDENTITY = "iPhone Developer";
				COPY_PHASE_STRIP = NO;
				DEBUG_INFORMATION_FORMAT = "dwarf-with-dsym";
				ENABLE_NS_ASSERTIONS = NO;
				ENABLE_STRICT_OBJC_MSGSEND = YES;
				GCC_C_LANGUAGE_STANDARD = gnu11;
				GCC_NO_COMMON_BLOCKS = YES;
				GCC_WARN_64_TO_32_BIT_CONVERSION = YES;
				GCC_WARN_ABOUT_RETURN_TYPE = YES_ERROR;
				GCC_WARN_UNDECLARED_SELECTOR = YES;
				GCC_WARN_UNINITIALIZED_AUTOS = YES_AGGRESSIVE;
				GCC_WARN_UNUSED_FUNCTION = YES;
				GCC_WARN_UNUSED_VARIABLE = YES;
				IPHONEOS_DEPLOYMENT_TARGET = 12.0;
				MTL_ENABLE_DEBUG_INFO = NO;
				MTL_FAST_MATH = YES;
				SDKROOT = iphoneos;
				SWIFT_COMPILATION_MODE = wholemodule;
				SWIFT_OPTIMIZATION_LEVEL = "-O";
				VALIDATE_PRODUCT = YES;
			};
			name = Release;
		};
		2FA7A35B212B11FB00A3FE2E /* Debug */ = {
			isa = XCBuildConfiguration;
			baseConfigurationReference = 889D59CE97B847335FF8AB7D /* Pods-PaperBoy.debug.xcconfig */;
			buildSettings = {
				ASSETCATALOG_COMPILER_APPICON_NAME = AppIcon;
				CODE_SIGN_STYLE = Automatic;
				DEVELOPMENT_TEAM = 22AZG63582;
				FRAMEWORK_SEARCH_PATHS = (
					"$(inherited)",
					"$(PROJECT_DIR)",
					"$(PROJECT_DIR)/Frameworks",
				);
				INFOPLIST_FILE = PaperBoy/Info.plist;
				IPHONEOS_DEPLOYMENT_TARGET = 11.0;
				LD_RUNPATH_SEARCH_PATHS = (
					"$(inherited)",
					"@executable_path/Frameworks",
				);
				PRODUCT_BUNDLE_IDENTIFIER = com.LukasSestic.PaperBoy;
				PRODUCT_NAME = "$(TARGET_NAME)";
				SWIFT_OBJC_BRIDGING_HEADER = PaperBoy/RelatedFiles/BridgingHeader.h;
				SWIFT_VERSION = 4.2;
				TARGETED_DEVICE_FAMILY = "1,2";
			};
			name = Debug;
		};
		2FA7A35C212B11FB00A3FE2E /* Release */ = {
			isa = XCBuildConfiguration;
			baseConfigurationReference = ECF501011D5E67C431150E15 /* Pods-PaperBoy.release.xcconfig */;
			buildSettings = {
				ASSETCATALOG_COMPILER_APPICON_NAME = AppIcon;
				CODE_SIGN_STYLE = Automatic;
				DEVELOPMENT_TEAM = 22AZG63582;
				FRAMEWORK_SEARCH_PATHS = (
					"$(inherited)",
					"$(PROJECT_DIR)",
					"$(PROJECT_DIR)/Frameworks",
				);
				INFOPLIST_FILE = PaperBoy/Info.plist;
				IPHONEOS_DEPLOYMENT_TARGET = 11.0;
				LD_RUNPATH_SEARCH_PATHS = (
					"$(inherited)",
					"@executable_path/Frameworks",
				);
				PRODUCT_BUNDLE_IDENTIFIER = com.LukasSestic.PaperBoy;
				PRODUCT_NAME = "$(TARGET_NAME)";
				SWIFT_OBJC_BRIDGING_HEADER = PaperBoy/RelatedFiles/BridgingHeader.h;
				SWIFT_VERSION = 4.2;
				TARGETED_DEVICE_FAMILY = "1,2";
			};
			name = Release;
		};
		2FA7A35E212B11FB00A3FE2E /* Debug */ = {
			isa = XCBuildConfiguration;
			baseConfigurationReference = 7281744D232DBFDEA89932EE /* Pods-PaperBoyTests.debug.xcconfig */;
			buildSettings = {
				ALWAYS_EMBED_SWIFT_STANDARD_LIBRARIES = YES;
				BUNDLE_LOADER = "$(TEST_HOST)";
				CODE_SIGN_STYLE = Automatic;
				DEVELOPMENT_TEAM = 22AZG63582;
				INFOPLIST_FILE = PaperBoyTests/Info.plist;
				LD_RUNPATH_SEARCH_PATHS = (
					"$(inherited)",
					"@executable_path/Frameworks",
					"@loader_path/Frameworks",
				);
				PRODUCT_BUNDLE_IDENTIFIER = com.LukasSestic.PaperBoyTests;
				PRODUCT_NAME = "$(TARGET_NAME)";
				SWIFT_VERSION = 4.2;
				TARGETED_DEVICE_FAMILY = "1,2";
				TEST_HOST = "$(BUILT_PRODUCTS_DIR)/PaperBoy.app/PaperBoy";
			};
			name = Debug;
		};
		2FA7A35F212B11FB00A3FE2E /* Release */ = {
			isa = XCBuildConfiguration;
			baseConfigurationReference = 4F5B3479AF4102AE2E67A98E /* Pods-PaperBoyTests.release.xcconfig */;
			buildSettings = {
				ALWAYS_EMBED_SWIFT_STANDARD_LIBRARIES = YES;
				BUNDLE_LOADER = "$(TEST_HOST)";
				CODE_SIGN_STYLE = Automatic;
				DEVELOPMENT_TEAM = 22AZG63582;
				INFOPLIST_FILE = PaperBoyTests/Info.plist;
				LD_RUNPATH_SEARCH_PATHS = (
					"$(inherited)",
					"@executable_path/Frameworks",
					"@loader_path/Frameworks",
				);
				PRODUCT_BUNDLE_IDENTIFIER = com.LukasSestic.PaperBoyTests;
				PRODUCT_NAME = "$(TARGET_NAME)";
				SWIFT_VERSION = 4.2;
				TARGETED_DEVICE_FAMILY = "1,2";
				TEST_HOST = "$(BUILT_PRODUCTS_DIR)/PaperBoy.app/PaperBoy";
			};
			name = Release;
		};
/* End XCBuildConfiguration section */

/* Begin XCConfigurationList section */
		2FA7A335212B11F900A3FE2E /* Build configuration list for PBXProject "PaperBoy" */ = {
			isa = XCConfigurationList;
			buildConfigurations = (
				2FA7A358212B11FB00A3FE2E /* Debug */,
				2FA7A359212B11FB00A3FE2E /* Release */,
			);
			defaultConfigurationIsVisible = 0;
			defaultConfigurationName = Release;
		};
		2FA7A35A212B11FB00A3FE2E /* Build configuration list for PBXNativeTarget "PaperBoy" */ = {
			isa = XCConfigurationList;
			buildConfigurations = (
				2FA7A35B212B11FB00A3FE2E /* Debug */,
				2FA7A35C212B11FB00A3FE2E /* Release */,
			);
			defaultConfigurationIsVisible = 0;
			defaultConfigurationName = Release;
		};
		2FA7A35D212B11FB00A3FE2E /* Build configuration list for PBXNativeTarget "PaperBoyTests" */ = {
			isa = XCConfigurationList;
			buildConfigurations = (
				2FA7A35E212B11FB00A3FE2E /* Debug */,
				2FA7A35F212B11FB00A3FE2E /* Release */,
			);
			defaultConfigurationIsVisible = 0;
			defaultConfigurationName = Release;
		};
/* End XCConfigurationList section */

/* Begin XCVersionGroup section */
		2FA7A344212B11F900A3FE2E /* PaperBoy.xcdatamodeld */ = {
			isa = XCVersionGroup;
			children = (
				2FA7A345212B11F900A3FE2E /* PaperBoy.xcdatamodel */,
			);
			currentVersion = 2FA7A345212B11F900A3FE2E /* PaperBoy.xcdatamodel */;
			path = PaperBoy.xcdatamodeld;
			sourceTree = "<group>";
			versionGroupType = wrapper.xcdatamodel;
		};
/* End XCVersionGroup section */
	};
	rootObject = 2FA7A332212B11F900A3FE2E /* Project object */;
}
